
Microsoft Visual Studio Solution File, Format Version 12.00
Project("{FAE04EC0-301F-11D3-BF4B-00C04F79EFBC}") = "Task1", "Task1.csproj", "{934570A2-671E-48DF-A666-4ACAC90F1EFE}"
EndProject
Global
	GlobalSection(SolutionConfigurationPlatforms) = preSolution
		Debug|Any CPU = Debug|Any CPU
		Release|Any CPU = Release|Any CPU
	EndGlobalSection
	GlobalSection(ProjectConfigurationPlatforms) = postSolution
		{934570A2-671E-48DF-A666-4ACAC90F1EFE}.Debug|Any CPU.ActiveCfg = Debug|Any CPU
		{934570A2-671E-48DF-A666-4ACAC90F1EFE}.Debug|Any CPU.Build.0 = Debug|Any CPU
		{934570A2-671E-48DF-A666-4ACAC90F1EFE}.Release|Any CPU.ActiveCfg = Release|Any CPU
		{934570A2-671E-48DF-A666-4ACAC90F1EFE}.Release|Any CPU.Build.0 = Release|Any CPU
	EndGlobalSection
EndGlobal
